// !$*UTF8*$!
{
	archiveVersion = 1;
	classes = {
	};
	objectVersion = 46;
	objects = {

/* Begin PBXBuildFile section */
		9C185E73C92AED85C12AD118 /* Pods_La_Bourse.framework in Frameworks */ = {isa = PBXBuildFile; fileRef = 7F41E1C4699EABFDA610FCBC /* Pods_La_Bourse.framework */; settings = {ATTRIBUTES = (Weak, ); }; };
		D5F80AB11B551269000A5342 /* AppDelegate.swift in Sources */ = {isa = PBXBuildFile; fileRef = D5F80AB01B551269000A5342 /* AppDelegate.swift */; };
		D5F80AB31B551269000A5342 /* FirstViewController.swift in Sources */ = {isa = PBXBuildFile; fileRef = D5F80AB21B551269000A5342 /* FirstViewController.swift */; };
		D5F80AB51B551269000A5342 /* SecondViewController.swift in Sources */ = {isa = PBXBuildFile; fileRef = D5F80AB41B551269000A5342 /* SecondViewController.swift */; };
		D5F80AB81B551269000A5342 /* Main.storyboard in Resources */ = {isa = PBXBuildFile; fileRef = D5F80AB61B551269000A5342 /* Main.storyboard */; };
		D5F80ABA1B551269000A5342 /* Images.xcassets in Resources */ = {isa = PBXBuildFile; fileRef = D5F80AB91B551269000A5342 /* Images.xcassets */; };
		D5F80ABD1B551269000A5342 /* LaunchScreen.xib in Resources */ = {isa = PBXBuildFile; fileRef = D5F80ABB1B551269000A5342 /* LaunchScreen.xib */; };
		D5F80AC91B551269000A5342 /* La_BourseTests.swift in Sources */ = {isa = PBXBuildFile; fileRef = D5F80AC81B551269000A5342 /* La_BourseTests.swift */; };
		D5F80AD31B5522D3000A5342 /* SwiftyJSON.swift in Sources */ = {isa = PBXBuildFile; fileRef = D5F80AD21B5522D3000A5342 /* SwiftyJSON.swift */; };
		D5F80AD51B553E99000A5342 /* StoreController.swift in Sources */ = {isa = PBXBuildFile; fileRef = D5F80AD41B553E99000A5342 /* StoreController.swift */; };
		D5F80ADB1B5542C7000A5342 /* launch.png in Resources */ = {isa = PBXBuildFile; fileRef = D5F80ADA1B5542C7000A5342 /* launch.png */; };
/* End PBXBuildFile section */

/* Begin PBXContainerItemProxy section */
		D5F80AC31B551269000A5342 /* PBXContainerItemProxy */ = {
			isa = PBXContainerItemProxy;
			containerPortal = D5F80AA31B551269000A5342 /* Project object */;
			proxyType = 1;
			remoteGlobalIDString = D5F80AAA1B551269000A5342;
			remoteInfo = "La Bourse";
		};
/* End PBXContainerItemProxy section */

/* Begin PBXFileReference section */
		367FC1A3B3FDCCF2689B18D9 /* Pods-La Bourse.release.xcconfig */ = {isa = PBXFileReference; includeInIndex = 1; lastKnownFileType = text.xcconfig; name = "Pods-La Bourse.release.xcconfig"; path = "Pods/Target Support Files/Pods-La Bourse/Pods-La Bourse.release.xcconfig"; sourceTree = "<group>"; };
		7F41E1C4699EABFDA610FCBC /* Pods_La_Bourse.framework */ = {isa = PBXFileReference; explicitFileType = wrapper.framework; includeInIndex = 0; path = Pods_La_Bourse.framework; sourceTree = BUILT_PRODUCTS_DIR; };
		D5F80AAB1B551269000A5342 /* La Bourse.app */ = {isa = PBXFileReference; explicitFileType = wrapper.application; includeInIndex = 0; path = "La Bourse.app"; sourceTree = BUILT_PRODUCTS_DIR; };
		D5F80AAF1B551269000A5342 /* Info.plist */ = {isa = PBXFileReference; lastKnownFileType = text.plist.xml; path = Info.plist; sourceTree = "<group>"; };
		D5F80AB01B551269000A5342 /* AppDelegate.swift */ = {isa = PBXFileReference; lastKnownFileType = sourcecode.swift; path = AppDelegate.swift; sourceTree = "<group>"; };
		D5F80AB21B551269000A5342 /* FirstViewController.swift */ = {isa = PBXFileReference; lastKnownFileType = sourcecode.swift; path = FirstViewController.swift; sourceTree = "<group>"; };
		D5F80AB41B551269000A5342 /* SecondViewController.swift */ = {isa = PBXFileReference; lastKnownFileType = sourcecode.swift; path = SecondViewController.swift; sourceTree = "<group>"; };
		D5F80AB71B551269000A5342 /* Base */ = {isa = PBXFileReference; lastKnownFileType = file.storyboard; name = Base; path = Base.lproj/Main.storyboard; sourceTree = "<group>"; };
		D5F80AB91B551269000A5342 /* Images.xcassets */ = {isa = PBXFileReference; lastKnownFileType = folder.assetcatalog; path = Images.xcassets; sourceTree = "<group>"; };
		D5F80ABC1B551269000A5342 /* Base */ = {isa = PBXFileReference; lastKnownFileType = file.xib; name = Base; path = Base.lproj/LaunchScreen.xib; sourceTree = "<group>"; };
		D5F80AC21B551269000A5342 /* La BourseTests.xctest */ = {isa = PBXFileReference; explicitFileType = wrapper.cfbundle; includeInIndex = 0; path = "La BourseTests.xctest"; sourceTree = BUILT_PRODUCTS_DIR; };
		D5F80AC71B551269000A5342 /* Info.plist */ = {isa = PBXFileReference; lastKnownFileType = text.plist.xml; path = Info.plist; sourceTree = "<group>"; };
		D5F80AC81B551269000A5342 /* La_BourseTests.swift */ = {isa = PBXFileReference; lastKnownFileType = sourcecode.swift; path = La_BourseTests.swift; sourceTree = "<group>"; };
		D5F80AD21B5522D3000A5342 /* SwiftyJSON.swift */ = {isa = PBXFileReference; fileEncoding = 4; lastKnownFileType = sourcecode.swift; path = SwiftyJSON.swift; sourceTree = "<group>"; };
		D5F80AD41B553E99000A5342 /* StoreController.swift */ = {isa = PBXFileReference; fileEncoding = 4; lastKnownFileType = sourcecode.swift; path = StoreController.swift; sourceTree = "<group>"; };
		D5F80ADA1B5542C7000A5342 /* launch.png */ = {isa = PBXFileReference; lastKnownFileType = image.png; path = launch.png; sourceTree = "<group>"; };
		E5F4776979B167194C036C5E /* Pods-La Bourse.debug.xcconfig */ = {isa = PBXFileReference; includeInIndex = 1; lastKnownFileType = text.xcconfig; name = "Pods-La Bourse.debug.xcconfig"; path = "Pods/Target Support Files/Pods-La Bourse/Pods-La Bourse.debug.xcconfig"; sourceTree = "<group>"; };
/* End PBXFileReference section */

/* Begin PBXFrameworksBuildPhase section */
		D5F80AA81B551269000A5342 /* Frameworks */ = {
			isa = PBXFrameworksBuildPhase;
			buildActionMask = 2147483647;
			files = (
				9C185E73C92AED85C12AD118 /* Pods_La_Bourse.framework in Frameworks */,
			);
			runOnlyForDeploymentPostprocessing = 0;
		};
		D5F80ABF1B551269000A5342 /* Frameworks */ = {
			isa = PBXFrameworksBuildPhase;
			buildActionMask = 2147483647;
			files = (
			);
			runOnlyForDeploymentPostprocessing = 0;
		};
/* End PBXFrameworksBuildPhase section */

/* Begin PBXGroup section */
		0D0D3482B72EFE697DCA3D31 /* Pods */ = {
			isa = PBXGroup;
			children = (
				E5F4776979B167194C036C5E /* Pods-La Bourse.debug.xcconfig */,
				367FC1A3B3FDCCF2689B18D9 /* Pods-La Bourse.release.xcconfig */,
			);
			name = Pods;
			sourceTree = "<group>";
		};
		CAF14A82A0D495A65BF0D701 /* Frameworks */ = {
			isa = PBXGroup;
			children = (
				7F41E1C4699EABFDA610FCBC /* Pods_La_Bourse.framework */,
			);
			name = Frameworks;
			sourceTree = "<group>";
		};
		D5F80AA21B551269000A5342 = {
			isa = PBXGroup;
			children = (
				D5F80AAD1B551269000A5342 /* La Bourse */,
				D5F80AC51B551269000A5342 /* La BourseTests */,
				D5F80AAC1B551269000A5342 /* Products */,
				0D0D3482B72EFE697DCA3D31 /* Pods */,
				CAF14A82A0D495A65BF0D701 /* Frameworks */,
			);
			sourceTree = "<group>";
		};
		D5F80AAC1B551269000A5342 /* Products */ = {
			isa = PBXGroup;
			children = (
				D5F80AAB1B551269000A5342 /* La Bourse.app */,
				D5F80AC21B551269000A5342 /* La BourseTests.xctest */,
			);
			name = Products;
			sourceTree = "<group>";
		};
		D5F80AAD1B551269000A5342 /* La Bourse */ = {
			isa = PBXGroup;
			children = (
				D5F80AB01B551269000A5342 /* AppDelegate.swift */,
				D5F80AB21B551269000A5342 /* FirstViewController.swift */,
				D5F80AB41B551269000A5342 /* SecondViewController.swift */,
				D5F80AD21B5522D3000A5342 /* SwiftyJSON.swift */,
				D5F80AB61B551269000A5342 /* Main.storyboard */,
				D5F80ADA1B5542C7000A5342 /* launch.png */,
				D5F80AB91B551269000A5342 /* Images.xcassets */,
				D5F80ABB1B551269000A5342 /* LaunchScreen.xib */,
				D5F80AAE1B551269000A5342 /* Supporting Files */,
				D5F80AD41B553E99000A5342 /* StoreController.swift */,
			);
			path = "La Bourse";
			sourceTree = "<group>";
		};
		D5F80AAE1B551269000A5342 /* Supporting Files */ = {
			isa = PBXGroup;
			children = (
				D5F80AAF1B551269000A5342 /* Info.plist */,
			);
			name = "Supporting Files";
			sourceTree = "<group>";
		};
		D5F80AC51B551269000A5342 /* La BourseTests */ = {
			isa = PBXGroup;
			children = (
				D5F80AC81B551269000A5342 /* La_BourseTests.swift */,
				D5F80AC61B551269000A5342 /* Supporting Files */,
			);
			path = "La BourseTests";
			sourceTree = "<group>";
		};
		D5F80AC61B551269000A5342 /* Supporting Files */ = {
			isa = PBXGroup;
			children = (
				D5F80AC71B551269000A5342 /* Info.plist */,
			);
			name = "Supporting Files";
			sourceTree = "<group>";
		};
/* End PBXGroup section */

/* Begin PBXNativeTarget section */
		D5F80AAA1B551269000A5342 /* La Bourse */ = {
			isa = PBXNativeTarget;
			buildConfigurationList = D5F80ACC1B551269000A5342 /* Build configuration list for PBXNativeTarget "La Bourse" */;
			buildPhases = (
				C2495B6F8F0474BEE0F02746 /* Check Pods Manifest.lock */,
				D5F80AA71B551269000A5342 /* Sources */,
				D5F80AA81B551269000A5342 /* Frameworks */,
				D5F80AA91B551269000A5342 /* Resources */,
				9411501CD6FBD79C36872781 /* Embed Pods Frameworks */,
				E6E7F9511A9CFFC0AF2A572A /* Copy Pods Resources */,
			);
			buildRules = (
			);
			dependencies = (
			);
			name = "La Bourse";
			productName = "La Bourse";
			productReference = D5F80AAB1B551269000A5342 /* La Bourse.app */;
			productType = "com.apple.product-type.application";
		};
		D5F80AC11B551269000A5342 /* La BourseTests */ = {
			isa = PBXNativeTarget;
			buildConfigurationList = D5F80ACF1B551269000A5342 /* Build configuration list for PBXNativeTarget "La BourseTests" */;
			buildPhases = (
				D5F80ABE1B551269000A5342 /* Sources */,
				D5F80ABF1B551269000A5342 /* Frameworks */,
				D5F80AC01B551269000A5342 /* Resources */,
			);
			buildRules = (
			);
			dependencies = (
				D5F80AC41B551269000A5342 /* PBXTargetDependency */,
			);
			name = "La BourseTests";
			productName = "La BourseTests";
			productReference = D5F80AC21B551269000A5342 /* La BourseTests.xctest */;
			productType = "com.apple.product-type.bundle.unit-test";
		};
/* End PBXNativeTarget section */

/* Begin PBXProject section */
		D5F80AA31B551269000A5342 /* Project object */ = {
			isa = PBXProject;
			attributes = {
				LastSwiftMigration = 0700;
				LastSwiftUpdateCheck = 0700;
				LastUpgradeCheck = 0640;
				ORGANIZATIONNAME = "Librairie La Bourse";
				TargetAttributes = {
					D5F80AAA1B551269000A5342 = {
						CreatedOnToolsVersion = 6.4;
					};
					D5F80AC11B551269000A5342 = {
						CreatedOnToolsVersion = 6.4;
						TestTargetID = D5F80AAA1B551269000A5342;
					};
				};
			};
			buildConfigurationList = D5F80AA61B551269000A5342 /* Build configuration list for PBXProject "La Bourse" */;
			compatibilityVersion = "Xcode 3.2";
			developmentRegion = English;
			hasScannedForEncodings = 0;
			knownRegions = (
				en,
				Base,
			);
			mainGroup = D5F80AA21B551269000A5342;
			productRefGroup = D5F80AAC1B551269000A5342 /* Products */;
			projectDirPath = "";
			projectRoot = "";
			targets = (
				D5F80AAA1B551269000A5342 /* La Bourse */,
				D5F80AC11B551269000A5342 /* La BourseTests */,
			);
		};
/* End PBXProject section */

/* Begin PBXResourcesBuildPhase section */
		D5F80AA91B551269000A5342 /* Resources */ = {
			isa = PBXResourcesBuildPhase;
			buildActionMask = 2147483647;
			files = (
				D5F80ADB1B5542C7000A5342 /* launch.png in Resources */,
				D5F80AB81B551269000A5342 /* Main.storyboard in Resources */,
				D5F80ABD1B551269000A5342 /* LaunchScreen.xib in Resources */,
				D5F80ABA1B551269000A5342 /* Images.xcassets in Resources */,
			);
			runOnlyForDeploymentPostprocessing = 0;
		};
		D5F80AC01B551269000A5342 /* Resources */ = {
			isa = PBXResourcesBuildPhase;
			buildActionMask = 2147483647;
			files = (
			);
			runOnlyForDeploymentPostprocessing = 0;
		};
/* End PBXResourcesBuildPhase section */

/* Begin PBXShellScriptBuildPhase section */
		9411501CD6FBD79C36872781 /* Embed Pods Frameworks */ = {
			isa = PBXShellScriptBuildPhase;
			buildActionMask = 2147483647;
			files = (
			);
			inputPaths = (
			);
			name = "Embed Pods Frameworks";
			outputPaths = (
			);
			runOnlyForDeploymentPostprocessing = 0;
			shellPath = /bin/sh;
			shellScript = "\"${SRCROOT}/Pods/Target Support Files/Pods-La Bourse/Pods-La Bourse-frameworks.sh\"\n";
			showEnvVarsInLog = 0;
		};
		C2495B6F8F0474BEE0F02746 /* Check Pods Manifest.lock */ = {
			isa = PBXShellScriptBuildPhase;
			buildActionMask = 2147483647;
			files = (
			);
			inputPaths = (
			);
			name = "Check Pods Manifest.lock";
			outputPaths = (
			);
			runOnlyForDeploymentPostprocessing = 0;
			shellPath = /bin/sh;
			shellScript = "diff \"${PODS_ROOT}/../Podfile.lock\" \"${PODS_ROOT}/Manifest.lock\" > /dev/null\nif [[ $? != 0 ]] ; then\n    cat << EOM\nerror: The sandbox is not in sync with the Podfile.lock. Run 'pod install' or update your CocoaPods installation.\nEOM\n    exit 1\nfi\n";
			showEnvVarsInLog = 0;
		};
		E6E7F9511A9CFFC0AF2A572A /* Copy Pods Resources */ = {
			isa = PBXShellScriptBuildPhase;
			buildActionMask = 2147483647;
			files = (
			);
			inputPaths = (
			);
			name = "Copy Pods Resources";
			outputPaths = (
			);
			runOnlyForDeploymentPostprocessing = 0;
			shellPath = /bin/sh;
			shellScript = "\"${SRCROOT}/Pods/Target Support Files/Pods-La Bourse/Pods-La Bourse-resources.sh\"\n";
			showEnvVarsInLog = 0;
		};
/* End PBXShellScriptBuildPhase section */

/* Begin PBXSourcesBuildPhase section */
		D5F80AA71B551269000A5342 /* Sources */ = {
			isa = PBXSourcesBuildPhase;
			buildActionMask = 2147483647;
			files = (
				D5F80AB51B551269000A5342 /* SecondViewController.swift in Sources */,
				D5F80AB11B551269000A5342 /* AppDelegate.swift in Sources */,
				D5F80AB31B551269000A5342 /* FirstViewController.swift in Sources */,
				D5F80AD31B5522D3000A5342 /* SwiftyJSON.swift in Sources */,
				D5F80AD51B553E99000A5342 /* StoreController.swift in Sources */,
			);
			runOnlyForDeploymentPostprocessing = 0;
		};
		D5F80ABE1B551269000A5342 /* Sources */ = {
			isa = PBXSourcesBuildPhase;
			buildActionMask = 2147483647;
			files = (
				D5F80AC91B551269000A5342 /* La_BourseTests.swift in Sources */,
			);
			runOnlyForDeploymentPostprocessing = 0;
		};
/* End PBXSourcesBuildPhase section */

/* Begin PBXTargetDependency section */
		D5F80AC41B551269000A5342 /* PBXTargetDependency */ = {
			isa = PBXTargetDependency;
			target = D5F80AAA1B551269000A5342 /* La Bourse */;
			targetProxy = D5F80AC31B551269000A5342 /* PBXContainerItemProxy */;
		};
/* End PBXTargetDependency section */

/* Begin PBXVariantGroup section */
		D5F80AB61B551269000A5342 /* Main.storyboard */ = {
			isa = PBXVariantGroup;
			children = (
				D5F80AB71B551269000A5342 /* Base */,
			);
			name = Main.storyboard;
			sourceTree = "<group>";
		};
		D5F80ABB1B551269000A5342 /* LaunchScreen.xib */ = {
			isa = PBXVariantGroup;
			children = (
				D5F80ABC1B551269000A5342 /* Base */,
			);
			name = LaunchScreen.xib;
			sourceTree = "<group>";
		};
/* End PBXVariantGroup section */

/* Begin XCBuildConfiguration section */
		D5F80ACA1B551269000A5342 /* Debug */ = {
			isa = XCBuildConfiguration;
			buildSettings = {
				ALWAYS_SEARCH_USER_PATHS = NO;
				CLANG_CXX_LANGUAGE_STANDARD = "gnu++0x";
				CLANG_CXX_LIBRARY = "libc++";
				CLANG_ENABLE_MODULES = YES;
				CLANG_ENABLE_OBJC_ARC = YES;
				CLANG_WARN_BOOL_CONVERSION = YES;
				CLANG_WARN_CONSTANT_CONVERSION = YES;
				CLANG_WARN_DIRECT_OBJC_ISA_USAGE = YES_ERROR;
				CLANG_WARN_EMPTY_BODY = YES;
				CLANG_WARN_ENUM_CONVERSION = YES;
				CLANG_WARN_INT_CONVERSION = YES;
				CLANG_WARN_OBJC_ROOT_CLASS = YES_ERROR;
				CLANG_WARN_UNREACHABLE_CODE = YES;
				CLANG_WARN__DUPLICATE_METHOD_MATCH = YES;
				"CODE_SIGN_IDENTITY[sdk=iphoneos*]" = "iPhone Developer";
				COPY_PHASE_STRIP = NO;
				DEBUG_INFORMATION_FORMAT = "dwarf-with-dsym";
				ENABLE_STRICT_OBJC_MSGSEND = YES;
				GCC_C_LANGUAGE_STANDARD = gnu99;
				GCC_DYNAMIC_NO_PIC = NO;
				GCC_NO_COMMON_BLOCKS = YES;
				GCC_OPTIMIZATION_LEVEL = 0;
				GCC_PREPROCESSOR_DEFINITIONS = (
					"DEBUG=1",
					"$(inherited)",
				);
				GCC_SYMBOLS_PRIVATE_EXTERN = NO;
				GCC_WARN_64_TO_32_BIT_CONVERSION = YES;
				GCC_WARN_ABOUT_RETURN_TYPE = YES_ERROR;
				GCC_WARN_UNDECLARED_SELECTOR = YES;
				GCC_WARN_UNINITIALIZED_AUTOS = YES_AGGRESSIVE;
				GCC_WARN_UNUSED_FUNCTION = YES;
				GCC_WARN_UNUSED_VARIABLE = YES;
				IPHONEOS_DEPLOYMENT_TARGET = 8.4;
				MTL_ENABLE_DEBUG_INFO = YES;
				ONLY_ACTIVE_ARCH = YES;
				SDKROOT = iphoneos;
				SWIFT_OPTIMIZATION_LEVEL = "-Onone";
				TARGETED_DEVICE_FAMILY = "1,2";
			};
			name = Debug;
		};
		D5F80ACB1B551269000A5342 /* Release */ = {
			isa = XCBuildConfiguration;
			buildSettings = {
				ALWAYS_SEARCH_USER_PATHS = NO;
				CLANG_CXX_LANGUAGE_STANDARD = "gnu++0x";
				CLANG_CXX_LIBRARY = "libc++";
				CLANG_ENABLE_MODULES = YES;
				CLANG_ENABLE_OBJC_ARC = YES;
				CLANG_WARN_BOOL_CONVERSION = YES;
				CLANG_WARN_CONSTANT_CONVERSION = YES;
				CLANG_WARN_DIRECT_OBJC_ISA_USAGE = YES_ERROR;
				CLANG_WARN_EMPTY_BODY = YES;
				CLANG_WARN_ENUM_CONVERSION = YES;
				CLANG_WARN_INT_CONVERSION = YES;
				CLANG_WARN_OBJC_ROOT_CLASS = YES_ERROR;
				CLANG_WARN_UNREACHABLE_CODE = YES;
				CLANG_WARN__DUPLICATE_METHOD_MATCH = YES;
				"CODE_SIGN_IDENTITY[sdk=iphoneos*]" = "iPhone Developer";
				COPY_PHASE_STRIP = NO;
				DEBUG_INFORMATION_FORMAT = "dwarf-with-dsym";
				ENABLE_NS_ASSERTIONS = NO;
				ENABLE_STRICT_OBJC_MSGSEND = YES;
				GCC_C_LANGUAGE_STANDARD = gnu99;
				GCC_NO_COMMON_BLOCKS = YES;
				GCC_WARN_64_TO_32_BIT_CONVERSION = YES;
				GCC_WARN_ABOUT_RETURN_TYPE = YES_ERROR;
				GCC_WARN_UNDECLARED_SELECTOR = YES;
				GCC_WARN_UNINITIALIZED_AUTOS = YES_AGGRESSIVE;
				GCC_WARN_UNUSED_FUNCTION = YES;
				GCC_WARN_UNUSED_VARIABLE = YES;
				IPHONEOS_DEPLOYMENT_TARGET = 8.4;
				MTL_ENABLE_DEBUG_INFO = NO;
				SDKROOT = iphoneos;
				TARGETED_DEVICE_FAMILY = "1,2";
				VALIDATE_PRODUCT = YES;
			};
			name = Release;
		};
		D5F80ACD1B551269000A5342 /* Debug */ = {
			isa = XCBuildConfiguration;
			baseConfigurationReference = E5F4776979B167194C036C5E /* Pods-La Bourse.debug.xcconfig */;
			buildSettings = {
				ASSETCATALOG_COMPILER_APPICON_NAME = AppIcon;
				INFOPLIST_FILE = "La Bourse/Info.plist";
				IPHONEOS_DEPLOYMENT_TARGET = 8.0;
				LD_RUNPATH_SEARCH_PATHS = "$(inherited) @executable_path/Frameworks";
				PRODUCT_NAME = "$(TARGET_NAME)";
			};
			name = Debug;
		};
		D5F80ACE1B551269000A5342 /* Release */ = {
			isa = XCBuildConfiguration;
			baseConfigurationReference = 367FC1A3B3FDCCF2689B18D9 /* Pods-La Bourse.release.xcconfig */;
			buildSettings = {
				ASSETCATALOG_COMPILER_APPICON_NAME = AppIcon;
				INFOPLIST_FILE = "La Bourse/Info.plist";
				IPHONEOS_DEPLOYMENT_TARGET = 8.0;
				LD_RUNPATH_SEARCH_PATHS = "$(inherited) @executable_path/Frameworks";
				PRODUCT_NAME = "$(TARGET_NAME)";
			};
			name = Release;
		};
		D5F80AD01B551269000A5342 /* Debug */ = {
			isa = XCBuildConfiguration;
			buildSettings = {
				BUNDLE_LOADER = "$(TEST_HOST)";
				FRAMEWORK_SEARCH_PATHS = (
					"$(SDKROOT)/Developer/Library/Frameworks",
					"$(inherited)",
				);
				GCC_PREPROCESSOR_DEFINITIONS = (
					"DEBUG=1",
					"$(inherited)",
				);
				INFOPLIST_FILE = "La BourseTests/Info.plist";
				LD_RUNPATH_SEARCH_PATHS = "$(inherited) @executable_path/Frameworks @loader_path/Frameworks";
				PRODUCT_NAME = "$(TARGET_NAME)";
				TEST_HOST = "$(BUILT_PRODUCTS_DIR)/La Bourse.app/La Bourse";
			};
			name = Debug;
		};
		D5F80AD11B551269000A5342 /* Release */ = {
			isa = XCBuildConfiguration;
			buildSettings = {
				BUNDLE_LOADER = "$(TEST_HOST)";
				FRAMEWORK_SEARCH_PATHS = (
					"$(SDKROOT)/Developer/Library/Frameworks",
					"$(inherited)",
				);
				INFOPLIST_FILE = "La BourseTests/Info.plist";
				LD_RUNPATH_SEARCH_PATHS = "$(inherited) @executable_path/Frameworks @loader_path/Frameworks";
				PRODUCT_NAME = "$(TARGET_NAME)";
				TEST_HOST = "$(BUILT_PRODUCTS_DIR)/La Bourse.app/La Bourse";
			};
			name = Release;
		};
/* End XCBuildConfiguration section */

/* Begin XCConfigurationList section */
		D5F80AA61B551269000A5342 /* Build configuration list for PBXProject "La Bourse" */ = {
			isa = XCConfigurationList;
			buildConfigurations = (
				D5F80ACA1B551269000A5342 /* Debug */,
				D5F80ACB1B551269000A5342 /* Release */,
			);
			defaultConfigurationIsVisible = 0;
			defaultConfigurationName = Release;
		};
		D5F80ACC1B551269000A5342 /* Build configuration list for PBXNativeTarget "La Bourse" */ = {
			isa = XCConfigurationList;
			buildConfigurations = (
				D5F80ACD1B551269000A5342 /* Debug */,
				D5F80ACE1B551269000A5342 /* Release */,
			);
			defaultConfigurationIsVisible = 0;
			defaultConfigurationName = Release;
		};
		D5F80ACF1B551269000A5342 /* Build configuration list for PBXNativeTarget "La BourseTests" */ = {
			isa = XCConfigurationList;
			buildConfigurations = (
				D5F80AD01B551269000A5342 /* Debug */,
				D5F80AD11B551269000A5342 /* Release */,
			);
			defaultConfigurationIsVisible = 0;
			defaultConfigurationName = Release;
		};
/* End XCConfigurationList section */
	};
	rootObject = D5F80AA31B551269000A5342 /* Project object */;
}
